<?xml version="1.0" encoding="UTF-8" standalone="yes" ?>
<CodeBlocks_project_file>
	<FileVersion major="1" minor="6" />
	<Project>
		<Option title="zcpu" />
		<Option pch_mode="2" />
		<Option compiler="gcc" />
		<Build>
			<Target title="Debug">
				<Option output="bin/Debug/zcpu" prefix_auto="1" extension_auto="1" />
				<Option object_output="obj/Debug/" />
				<Option type="1" />
				<Option compiler="gcc" />
				<Compiler>
					<Add option="-g" />
				</Compiler>
				<Linker>
					<Add library="libncurses.a" />
				</Linker>
			</Target>
			<Target title="Release">
				<Option output="bin/Release/zcpu" prefix_auto="1" extension_auto="1" />
				<Option object_output="obj/Release/" />
				<Option type="1" />
				<Option compiler="gcc" />
				<Compiler>
					<Add option="-O2" />
				</Compiler>
				<Linker>
					<Add option="-s" />
				</Linker>
			</Target>
		</Build>
		<Compiler>
			<Add option="-Wall" />
			<Add option="-fexceptions" />
		</Compiler>
		<Linker>
			<Add library="curses" />
		</Linker>
		<Unit filename="../../num2ascii/num2ascii/num2ascii.c">
			<Option compilerVar="CC" />
		</Unit>
		<Unit filename="../../num2ascii/num2ascii/num2ascii.h" />
		<Unit filename="main.cpp" />
		<Unit filename="zcpu.cpp" />
		<Unit filename="zcpu.h" />
		<Unit filename="zopcode.cpp" />
		<Unit filename="zopcode.h" />
		<Unit filename="zopcode_impl.cpp" />
		<Unit filename="zopcode_impl.h" />
		<Unit filename="../../zdictionary/zdictionary/zdictionary.cpp" />
		<Unit filename="../../zdictionary/zdictionary/zdictionary.h" />
		<Unit filename="../../zerror/zerror/zerror.cpp" />
		<Unit filename="../../zerror/zerror/zerror.h" />
		<Unit filename="../../zglobal/zglobal.cpp" />
		<Unit filename="../../zglobal/zglobal.h" />
		<Unit filename="../../zglobal/zglobaldefines.h" />
		<Unit filename="../../zinout/zinout/zinout.cpp" />
		<Unit filename="../../zinout/zinout/zinout.h" />
		<Unit filename="../../zmemory/zmemory/zmemory.cpp" />
		<Unit filename="../../zmemory/zmemory/zmemory.h" />
		<Unit filename="../../zmemory/zmemory/zobject.cpp" />
		<Unit filename="../../zmemory/zmemory/zobject.h" />
		<Unit filename="../../zstack/zstack/zstack.cpp" />
		<Unit filename="../../zstack/zstack/zstack.h" />
		<Unit filename="../../ztext/ztext/ztext.cpp" />
		<Unit filename="../../ztext/ztext/ztext.h" />
		<Extensions>
			<code_completion />
			<debugger />
		</Extensions>
	</Project>
</CodeBlocks_project_file>
